
Microsoft Visual Studio Solution File, Format Version 12.00
# Visual Studio Version 16
VisualStudioVersion = 16.0.31321.278
MinimumVisualStudioVersion = 10.0.40219.1
Project("{FAE04EC0-301F-11D3-BF4B-00C04F79EFBC}") = "NeoParser", "NeoParser.csproj", "{98454FD3-B42C-40FE-AABD-B320434E18C6}"
EndProject
Global
	GlobalSection(SolutionConfigurationPlatforms) = preSolution
		Debug|Any CPU = Debug|Any CPU
		Release|Any CPU = Release|Any CPU
	EndGlobalSection
	GlobalSection(ProjectConfigurationPlatforms) = postSolution
		{98454FD3-B42C-40FE-AABD-B320434E18C6}.Debug|Any CPU.ActiveCfg = Debug|Any CPU
		{98454FD3-B42C-40FE-AABD-B320434E18C6}.Debug|Any CPU.Build.0 = Debug|Any CPU
		{98454FD3-B42C-40FE-AABD-B320434E18C6}.Release|Any CPU.ActiveCfg = Release|Any CPU
		{98454FD3-B42C-40FE-AABD-B320434E18C6}.Release|Any CPU.Build.0 = Release|Any CPU
	EndGlobalSection
	GlobalSection(SolutionProperties) = preSolution
		HideSolutionNode = FALSE
	EndGlobalSection
	GlobalSection(ExtensibilityGlobals) = postSolution
		SolutionGuid = {158F83A9-3F63-4E05-B0FA-5A15FBEEFECA}
	EndGlobalSection
EndGlobal
